
Microsoft Visual Studio Solution File, Format Version 12.00
# Visual Studio Version 17
VisualStudioVersion = 17.4.33213.308
MinimumVisualStudioVersion = 10.0.40219.1
Project("{9A19103F-16F7-4668-BE54-9A1E7A4F7556}") = "Day01", "Day01\Day01.csproj", "{E6DE89F6-7922-4683-9B4C-C504D695B4A8}"
EndProject
Project("{9A19103F-16F7-4668-BE54-9A1E7A4F7556}") = "Utilities", "Utilities\Utilities.csproj", "{74DFBAC4-4A39-4647-AFCD-80476EB408CC}"
EndProject
Project("{9A19103F-16F7-4668-BE54-9A1E7A4F7556}") = "Day02", "Day02\Day02.csproj", "{9E3CA7C7-3B77-4443-9855-8446D0EC879E}"
EndProject
Project("{9A19103F-16F7-4668-BE54-9A1E7A4F7556}") = "Day03", "Day03\Day03.csproj", "{468463F7-0B5C-4A70-839A-383567BF1EE5}"
EndProject
Project("{9A19103F-16F7-4668-BE54-9A1E7A4F7556}") = "Day04", "Day04\Day04.csproj", "{48BA4CEA-3D29-45E5-9CD5-4543E54E50D4}"
EndProject
Project("{9A19103F-16F7-4668-BE54-9A1E7A4F7556}") = "Day05", "Day05\Day05.csproj", "{CD67C1B5-B89E-41F0-9A0D-4135EADBD5E6}"
EndProject
Project("{FAE04EC0-301F-11D3-BF4B-00C04F79EFBC}") = "Day06", "Day06\Day06.csproj", "{E349F3AE-FB19-8DF3-A20E-905D27CD49CA}"
EndProject
Global
	GlobalSection(SolutionConfigurationPlatforms) = preSolution
		Debug|Any CPU = Debug|Any CPU
		Release|Any CPU = Release|Any CPU
	EndGlobalSection
	GlobalSection(ProjectConfigurationPlatforms) = postSolution
		{E6DE89F6-7922-4683-9B4C-C504D695B4A8}.Debug|Any CPU.ActiveCfg = Debug|Any CPU
		{E6DE89F6-7922-4683-9B4C-C504D695B4A8}.Debug|Any CPU.Build.0 = Debug|Any CPU
		{E6DE89F6-7922-4683-9B4C-C504D695B4A8}.Release|Any CPU.ActiveCfg = Release|Any CPU
		{E6DE89F6-7922-4683-9B4C-C504D695B4A8}.Release|Any CPU.Build.0 = Release|Any CPU
		{74DFBAC4-4A39-4647-AFCD-80476EB408CC}.Debug|Any CPU.ActiveCfg = Debug|Any CPU
		{74DFBAC4-4A39-4647-AFCD-80476EB408CC}.Debug|Any CPU.Build.0 = Debug|Any CPU
		{74DFBAC4-4A39-4647-AFCD-80476EB408CC}.Release|Any CPU.ActiveCfg = Release|Any CPU
		{74DFBAC4-4A39-4647-AFCD-80476EB408CC}.Release|Any CPU.Build.0 = Release|Any CPU
		{9E3CA7C7-3B77-4443-9855-8446D0EC879E}.Debug|Any CPU.ActiveCfg = Debug|Any CPU
		{9E3CA7C7-3B77-4443-9855-8446D0EC879E}.Debug|Any CPU.Build.0 = Debug|Any CPU
		{9E3CA7C7-3B77-4443-9855-8446D0EC879E}.Release|Any CPU.ActiveCfg = Release|Any CPU
		{9E3CA7C7-3B77-4443-9855-8446D0EC879E}.Release|Any CPU.Build.0 = Release|Any CPU
		{468463F7-0B5C-4A70-839A-383567BF1EE5}.Debug|Any CPU.ActiveCfg = Debug|Any CPU
		{468463F7-0B5C-4A70-839A-383567BF1EE5}.Debug|Any CPU.Build.0 = Debug|Any CPU
		{468463F7-0B5C-4A70-839A-383567BF1EE5}.Release|Any CPU.ActiveCfg = Release|Any CPU
		{468463F7-0B5C-4A70-839A-383567BF1EE5}.Release|Any CPU.Build.0 = Release|Any CPU
		{48BA4CEA-3D29-45E5-9CD5-4543E54E50D4}.Debug|Any CPU.ActiveCfg = Debug|Any CPU
		{48BA4CEA-3D29-45E5-9CD5-4543E54E50D4}.Debug|Any CPU.Build.0 = Debug|Any CPU
		{48BA4CEA-3D29-45E5-9CD5-4543E54E50D4}.Release|Any CPU.ActiveCfg = Release|Any CPU
		{48BA4CEA-3D29-45E5-9CD5-4543E54E50D4}.Release|Any CPU.Build.0 = Release|Any CPU
		{CD67C1B5-B89E-41F0-9A0D-4135EADBD5E6}.Debug|Any CPU.ActiveCfg = Debug|Any CPU
		{CD67C1B5-B89E-41F0-9A0D-4135EADBD5E6}.Debug|Any CPU.Build.0 = Debug|Any CPU
		{CD67C1B5-B89E-41F0-9A0D-4135EADBD5E6}.Release|Any CPU.ActiveCfg = Release|Any CPU
		{CD67C1B5-B89E-41F0-9A0D-4135EADBD5E6}.Release|Any CPU.Build.0 = Release|Any CPU
		{E349F3AE-FB19-8DF3-A20E-905D27CD49CA}.Debug|Any CPU.ActiveCfg = Debug|Any CPU
		{E349F3AE-FB19-8DF3-A20E-905D27CD49CA}.Debug|Any CPU.Build.0 = Debug|Any CPU
		{E349F3AE-FB19-8DF3-A20E-905D27CD49CA}.Release|Any CPU.ActiveCfg = Release|Any CPU
		{E349F3AE-FB19-8DF3-A20E-905D27CD49CA}.Release|Any CPU.Build.0 = Release|Any CPU
	EndGlobalSection
	GlobalSection(SolutionProperties) = preSolution
		HideSolutionNode = FALSE
	EndGlobalSection
	GlobalSection(ExtensibilityGlobals) = postSolution
		SolutionGuid = {375B8513-8D5F-4018-B355-C936C7F465CE}
	EndGlobalSection
EndGlobal
