
Microsoft Visual Studio Solution File, Format Version 12.00
# Visual Studio Version 17
VisualStudioVersion = 17.4.33213.308
MinimumVisualStudioVersion = 10.0.40219.1
Project("{9A19103F-16F7-4668-BE54-9A1E7A4F7556}") = "Day01", "Day01\Day01.csproj", "{E6DE89F6-7922-4683-9B4C-C504D695B4A8}"
	ProjectSection(ProjectDependencies) = postProject
		{74DFBAC4-4A39-4647-AFCD-80476EB408CC} = {74DFBAC4-4A39-4647-AFCD-80476EB408CC}
	EndProjectSection
EndProject
Project("{9A19103F-16F7-4668-BE54-9A1E7A4F7556}") = "Utilities", "Utilities\Utilities.csproj", "{74DFBAC4-4A39-4647-AFCD-80476EB408CC}"
EndProject
Project("{9A19103F-16F7-4668-BE54-9A1E7A4F7556}") = "Day02", "Day02\Day02.csproj", "{58D81880-D03B-40B6-ABE3-5E5AD1AA7F01}"
EndProject
Project("{9A19103F-16F7-4668-BE54-9A1E7A4F7556}") = "Day03", "Day03\Day03.csproj", "{2862B3FF-290B-4062-98E8-14B63F74A4A0}"
EndProject
Project("{9A19103F-16F7-4668-BE54-9A1E7A4F7556}") = "Day04", "Day04\Day04.csproj", "{58A65EB7-3F83-4718-9222-957EB5379EFC}"
EndProject
Project("{9A19103F-16F7-4668-BE54-9A1E7A4F7556}") = "Day05", "Day05\Day05.csproj", "{FEBB110E-1599-4EB4-B32D-982B457DB8B4}"
EndProject
Project("{9A19103F-16F7-4668-BE54-9A1E7A4F7556}") = "Day06", "Day06\Day06.csproj", "{3CA65460-6FB2-4482-AF47-DD5857DE22EF}"
EndProject
Project("{9A19103F-16F7-4668-BE54-9A1E7A4F7556}") = "Day07", "Day07\Day07.csproj", "{AAC523EC-5544-4330-9B68-C54413DBEED6}"
EndProject
Project("{9A19103F-16F7-4668-BE54-9A1E7A4F7556}") = "Day08", "Day08\Day08.csproj", "{B17D5746-611B-4FC5-B3BA-D5E1325C6F23}"
EndProject
Project("{FAE04EC0-301F-11D3-BF4B-00C04F79EFBC}") = "Day09", "Day09\Day09.csproj", "{CD2B354A-3DD9-410E-9DED-3E1BA59A1CA8}"
EndProject
Project("{FAE04EC0-301F-11D3-BF4B-00C04F79EFBC}") = "Day10", "Day10\Day10.csproj", "{33AB1C23-BB7D-41FB-A5A1-27C83D728DA6}"
EndProject
Global
	GlobalSection(SolutionConfigurationPlatforms) = preSolution
		Debug|Any CPU = Debug|Any CPU
		Release|Any CPU = Release|Any CPU
	EndGlobalSection
	GlobalSection(ProjectConfigurationPlatforms) = postSolution
		{E6DE89F6-7922-4683-9B4C-C504D695B4A8}.Debug|Any CPU.ActiveCfg = Debug|Any CPU
		{E6DE89F6-7922-4683-9B4C-C504D695B4A8}.Debug|Any CPU.Build.0 = Debug|Any CPU
		{E6DE89F6-7922-4683-9B4C-C504D695B4A8}.Release|Any CPU.ActiveCfg = Release|Any CPU
		{E6DE89F6-7922-4683-9B4C-C504D695B4A8}.Release|Any CPU.Build.0 = Release|Any CPU
		{74DFBAC4-4A39-4647-AFCD-80476EB408CC}.Debug|Any CPU.ActiveCfg = Debug|Any CPU
		{74DFBAC4-4A39-4647-AFCD-80476EB408CC}.Debug|Any CPU.Build.0 = Debug|Any CPU
		{74DFBAC4-4A39-4647-AFCD-80476EB408CC}.Release|Any CPU.ActiveCfg = Release|Any CPU
		{74DFBAC4-4A39-4647-AFCD-80476EB408CC}.Release|Any CPU.Build.0 = Release|Any CPU
		{58D81880-D03B-40B6-ABE3-5E5AD1AA7F01}.Debug|Any CPU.ActiveCfg = Debug|Any CPU
		{58D81880-D03B-40B6-ABE3-5E5AD1AA7F01}.Debug|Any CPU.Build.0 = Debug|Any CPU
		{58D81880-D03B-40B6-ABE3-5E5AD1AA7F01}.Release|Any CPU.ActiveCfg = Release|Any CPU
		{58D81880-D03B-40B6-ABE3-5E5AD1AA7F01}.Release|Any CPU.Build.0 = Release|Any CPU
		{2862B3FF-290B-4062-98E8-14B63F74A4A0}.Debug|Any CPU.ActiveCfg = Debug|Any CPU
		{2862B3FF-290B-4062-98E8-14B63F74A4A0}.Debug|Any CPU.Build.0 = Debug|Any CPU
		{2862B3FF-290B-4062-98E8-14B63F74A4A0}.Release|Any CPU.ActiveCfg = Release|Any CPU
		{2862B3FF-290B-4062-98E8-14B63F74A4A0}.Release|Any CPU.Build.0 = Release|Any CPU
		{58A65EB7-3F83-4718-9222-957EB5379EFC}.Debug|Any CPU.ActiveCfg = Debug|Any CPU
		{58A65EB7-3F83-4718-9222-957EB5379EFC}.Debug|Any CPU.Build.0 = Debug|Any CPU
		{58A65EB7-3F83-4718-9222-957EB5379EFC}.Release|Any CPU.ActiveCfg = Release|Any CPU
		{58A65EB7-3F83-4718-9222-957EB5379EFC}.Release|Any CPU.Build.0 = Release|Any CPU
		{FEBB110E-1599-4EB4-B32D-982B457DB8B4}.Debug|Any CPU.ActiveCfg = Debug|Any CPU
		{FEBB110E-1599-4EB4-B32D-982B457DB8B4}.Debug|Any CPU.Build.0 = Debug|Any CPU
		{FEBB110E-1599-4EB4-B32D-982B457DB8B4}.Release|Any CPU.ActiveCfg = Release|Any CPU
		{FEBB110E-1599-4EB4-B32D-982B457DB8B4}.Release|Any CPU.Build.0 = Release|Any CPU
		{3CA65460-6FB2-4482-AF47-DD5857DE22EF}.Debug|Any CPU.ActiveCfg = Debug|Any CPU
		{3CA65460-6FB2-4482-AF47-DD5857DE22EF}.Debug|Any CPU.Build.0 = Debug|Any CPU
		{3CA65460-6FB2-4482-AF47-DD5857DE22EF}.Release|Any CPU.ActiveCfg = Release|Any CPU
		{3CA65460-6FB2-4482-AF47-DD5857DE22EF}.Release|Any CPU.Build.0 = Release|Any CPU
		{AAC523EC-5544-4330-9B68-C54413DBEED6}.Debug|Any CPU.ActiveCfg = Debug|Any CPU
		{AAC523EC-5544-4330-9B68-C54413DBEED6}.Debug|Any CPU.Build.0 = Debug|Any CPU
		{AAC523EC-5544-4330-9B68-C54413DBEED6}.Release|Any CPU.ActiveCfg = Release|Any CPU
		{AAC523EC-5544-4330-9B68-C54413DBEED6}.Release|Any CPU.Build.0 = Release|Any CPU
		{B17D5746-611B-4FC5-B3BA-D5E1325C6F23}.Debug|Any CPU.ActiveCfg = Debug|Any CPU
		{B17D5746-611B-4FC5-B3BA-D5E1325C6F23}.Debug|Any CPU.Build.0 = Debug|Any CPU
		{B17D5746-611B-4FC5-B3BA-D5E1325C6F23}.Release|Any CPU.ActiveCfg = Release|Any CPU
		{B17D5746-611B-4FC5-B3BA-D5E1325C6F23}.Release|Any CPU.Build.0 = Release|Any CPU
		{CD2B354A-3DD9-410E-9DED-3E1BA59A1CA8}.Debug|Any CPU.ActiveCfg = Debug|Any CPU
		{CD2B354A-3DD9-410E-9DED-3E1BA59A1CA8}.Debug|Any CPU.Build.0 = Debug|Any CPU
		{CD2B354A-3DD9-410E-9DED-3E1BA59A1CA8}.Release|Any CPU.ActiveCfg = Release|Any CPU
		{CD2B354A-3DD9-410E-9DED-3E1BA59A1CA8}.Release|Any CPU.Build.0 = Release|Any CPU
		{33AB1C23-BB7D-41FB-A5A1-27C83D728DA6}.Debug|Any CPU.ActiveCfg = Debug|Any CPU
		{33AB1C23-BB7D-41FB-A5A1-27C83D728DA6}.Debug|Any CPU.Build.0 = Debug|Any CPU
		{33AB1C23-BB7D-41FB-A5A1-27C83D728DA6}.Release|Any CPU.ActiveCfg = Release|Any CPU
		{33AB1C23-BB7D-41FB-A5A1-27C83D728DA6}.Release|Any CPU.Build.0 = Release|Any CPU
	EndGlobalSection
	GlobalSection(SolutionProperties) = preSolution
		HideSolutionNode = FALSE
	EndGlobalSection
	GlobalSection(ExtensibilityGlobals) = postSolution
		SolutionGuid = {375B8513-8D5F-4018-B355-C936C7F465CE}
	EndGlobalSection
EndGlobal
