
Microsoft Visual Studio Solution File, Format Version 12.00
# Visual Studio Version 17
VisualStudioVersion = 17.4.33213.308
MinimumVisualStudioVersion = 10.0.40219.1
Project("{9A19103F-16F7-4668-BE54-9A1E7A4F7556}") = "Day01", "Day01\Day01.csproj", "{E6DE89F6-7922-4683-9B4C-C504D695B4A8}"
	ProjectSection(ProjectDependencies) = postProject
		{74DFBAC4-4A39-4647-AFCD-80476EB408CC} = {74DFBAC4-4A39-4647-AFCD-80476EB408CC}
	EndProjectSection
EndProject
Project("{9A19103F-16F7-4668-BE54-9A1E7A4F7556}") = "Utilities", "Utilities\Utilities.csproj", "{74DFBAC4-4A39-4647-AFCD-80476EB408CC}"
EndProject
Project("{9A19103F-16F7-4668-BE54-9A1E7A4F7556}") = "Day02", "Day02\Day02.csproj", "{1FED2498-988F-4464-A4F9-F8D25B5D8A4B}"
EndProject
Project("{9A19103F-16F7-4668-BE54-9A1E7A4F7556}") = "Day03", "Day03\Day03.csproj", "{B1097CDD-BAE0-4523-AEDF-C6E439C4BC28}"
EndProject
Project("{9A19103F-16F7-4668-BE54-9A1E7A4F7556}") = "Day04", "Day04\Day04.csproj", "{466311E6-B44E-4CF2-89E7-3AA7C555B592}"
EndProject
Project("{9A19103F-16F7-4668-BE54-9A1E7A4F7556}") = "Day05", "Day05\Day05.csproj", "{EEFDA360-E70A-4A72-8B5D-A8C5C0D9F36D}"
EndProject
Project("{9A19103F-16F7-4668-BE54-9A1E7A4F7556}") = "Day06", "Day06\Day06.csproj", "{EA290EA7-75BF-4429-98F7-BE1F6CA4DC24}"
EndProject
Project("{9A19103F-16F7-4668-BE54-9A1E7A4F7556}") = "Day08", "Day08\Day08.csproj", "{6F27D778-0D9A-4B4C-A260-6C872E26B56E}"
EndProject
Project("{9A19103F-16F7-4668-BE54-9A1E7A4F7556}") = "Day09", "Day09\Day09.csproj", "{7E5EC46A-7D55-45DA-9E09-0BB7AFCD9081}"
EndProject
Project("{9A19103F-16F7-4668-BE54-9A1E7A4F7556}") = "Day07", "Day07\Day07.csproj", "{BF75EC65-F70C-4876-99DE-6A8C701804B0}"
EndProject
Project("{9A19103F-16F7-4668-BE54-9A1E7A4F7556}") = "Day10", "Day10\Day10.csproj", "{EDFF18B0-F07E-48BD-92B1-4ED2131AD52A}"
EndProject
Project("{9A19103F-16F7-4668-BE54-9A1E7A4F7556}") = "Day11", "Day11\Day11.csproj", "{AE14503A-E8B9-4E91-9AFD-2B01AD7A69D4}"
EndProject
Project("{9A19103F-16F7-4668-BE54-9A1E7A4F7556}") = "Day12", "Day12\Day12.csproj", "{2E65B0E3-9269-4D74-8046-E31469811C7E}"
EndProject
Project("{9A19103F-16F7-4668-BE54-9A1E7A4F7556}") = "Day13", "Day13\Day13.csproj", "{0E8833AB-CDA3-4B89-BF9B-3DB1FBB21F4C}"
EndProject
Project("{9A19103F-16F7-4668-BE54-9A1E7A4F7556}") = "Day14", "Day14\Day14.csproj", "{F9677B71-0622-4751-B508-4A51DA8D9C9B}"
EndProject
Project("{9A19103F-16F7-4668-BE54-9A1E7A4F7556}") = "Day15", "Day15\Day15.csproj", "{B24FEED4-B46F-421B-B93E-363B1843C8F8}"
EndProject
Project("{9A19103F-16F7-4668-BE54-9A1E7A4F7556}") = "Day16", "Day16\Day16.csproj", "{286703E8-5D7D-400F-966A-847C5CB93337}"
EndProject
Project("{9A19103F-16F7-4668-BE54-9A1E7A4F7556}") = "Day17", "Day17\Day17.csproj", "{2DD613F7-2E56-4DC4-A538-D031682CDCF5}"
EndProject
Project("{9A19103F-16F7-4668-BE54-9A1E7A4F7556}") = "Day18", "Day18\Day18.csproj", "{DB097156-4FBA-4223-8913-B9527CC587A5}"
EndProject
Project("{9A19103F-16F7-4668-BE54-9A1E7A4F7556}") = "Day19", "Day19\Day19.csproj", "{FF4D263C-78FA-43BC-B05B-1342B3D3CA69}"
EndProject
Project("{9A19103F-16F7-4668-BE54-9A1E7A4F7556}") = "Day20", "Day20\Day20.csproj", "{0E6F9BB5-C2A2-4B34-A6C2-6076B8550DD2}"
EndProject
Project("{9A19103F-16F7-4668-BE54-9A1E7A4F7556}") = "Day21", "Day21\Day21.csproj", "{55834028-5B1C-429C-9895-7F612FC2187D}"
EndProject
Project("{9A19103F-16F7-4668-BE54-9A1E7A4F7556}") = "Day22", "Day22\Day22.csproj", "{0F9900DF-14CC-4388-9E07-EE2D2540016C}"
EndProject
Project("{9A19103F-16F7-4668-BE54-9A1E7A4F7556}") = "Day23", "Day23\Day23.csproj", "{7CC5DDB6-DB85-4052-9855-F2412A981868}"
EndProject
Global
	GlobalSection(SolutionConfigurationPlatforms) = preSolution
		Debug|Any CPU = Debug|Any CPU
		Release|Any CPU = Release|Any CPU
	EndGlobalSection
	GlobalSection(ProjectConfigurationPlatforms) = postSolution
		{E6DE89F6-7922-4683-9B4C-C504D695B4A8}.Debug|Any CPU.ActiveCfg = Debug|Any CPU
		{E6DE89F6-7922-4683-9B4C-C504D695B4A8}.Debug|Any CPU.Build.0 = Debug|Any CPU
		{E6DE89F6-7922-4683-9B4C-C504D695B4A8}.Release|Any CPU.ActiveCfg = Release|Any CPU
		{E6DE89F6-7922-4683-9B4C-C504D695B4A8}.Release|Any CPU.Build.0 = Release|Any CPU
		{74DFBAC4-4A39-4647-AFCD-80476EB408CC}.Debug|Any CPU.ActiveCfg = Debug|Any CPU
		{74DFBAC4-4A39-4647-AFCD-80476EB408CC}.Debug|Any CPU.Build.0 = Debug|Any CPU
		{74DFBAC4-4A39-4647-AFCD-80476EB408CC}.Release|Any CPU.ActiveCfg = Release|Any CPU
		{74DFBAC4-4A39-4647-AFCD-80476EB408CC}.Release|Any CPU.Build.0 = Release|Any CPU
		{1FED2498-988F-4464-A4F9-F8D25B5D8A4B}.Debug|Any CPU.ActiveCfg = Debug|Any CPU
		{1FED2498-988F-4464-A4F9-F8D25B5D8A4B}.Debug|Any CPU.Build.0 = Debug|Any CPU
		{1FED2498-988F-4464-A4F9-F8D25B5D8A4B}.Release|Any CPU.ActiveCfg = Release|Any CPU
		{1FED2498-988F-4464-A4F9-F8D25B5D8A4B}.Release|Any CPU.Build.0 = Release|Any CPU
		{B1097CDD-BAE0-4523-AEDF-C6E439C4BC28}.Debug|Any CPU.ActiveCfg = Debug|Any CPU
		{B1097CDD-BAE0-4523-AEDF-C6E439C4BC28}.Debug|Any CPU.Build.0 = Debug|Any CPU
		{B1097CDD-BAE0-4523-AEDF-C6E439C4BC28}.Release|Any CPU.ActiveCfg = Release|Any CPU
		{B1097CDD-BAE0-4523-AEDF-C6E439C4BC28}.Release|Any CPU.Build.0 = Release|Any CPU
		{466311E6-B44E-4CF2-89E7-3AA7C555B592}.Debug|Any CPU.ActiveCfg = Debug|Any CPU
		{466311E6-B44E-4CF2-89E7-3AA7C555B592}.Debug|Any CPU.Build.0 = Debug|Any CPU
		{466311E6-B44E-4CF2-89E7-3AA7C555B592}.Release|Any CPU.ActiveCfg = Release|Any CPU
		{466311E6-B44E-4CF2-89E7-3AA7C555B592}.Release|Any CPU.Build.0 = Release|Any CPU
		{EEFDA360-E70A-4A72-8B5D-A8C5C0D9F36D}.Debug|Any CPU.ActiveCfg = Debug|Any CPU
		{EEFDA360-E70A-4A72-8B5D-A8C5C0D9F36D}.Debug|Any CPU.Build.0 = Debug|Any CPU
		{EEFDA360-E70A-4A72-8B5D-A8C5C0D9F36D}.Release|Any CPU.ActiveCfg = Release|Any CPU
		{EEFDA360-E70A-4A72-8B5D-A8C5C0D9F36D}.Release|Any CPU.Build.0 = Release|Any CPU
		{EA290EA7-75BF-4429-98F7-BE1F6CA4DC24}.Debug|Any CPU.ActiveCfg = Debug|Any CPU
		{EA290EA7-75BF-4429-98F7-BE1F6CA4DC24}.Debug|Any CPU.Build.0 = Debug|Any CPU
		{EA290EA7-75BF-4429-98F7-BE1F6CA4DC24}.Release|Any CPU.ActiveCfg = Release|Any CPU
		{EA290EA7-75BF-4429-98F7-BE1F6CA4DC24}.Release|Any CPU.Build.0 = Release|Any CPU
		{6F27D778-0D9A-4B4C-A260-6C872E26B56E}.Debug|Any CPU.ActiveCfg = Debug|Any CPU
		{6F27D778-0D9A-4B4C-A260-6C872E26B56E}.Debug|Any CPU.Build.0 = Debug|Any CPU
		{6F27D778-0D9A-4B4C-A260-6C872E26B56E}.Release|Any CPU.ActiveCfg = Release|Any CPU
		{6F27D778-0D9A-4B4C-A260-6C872E26B56E}.Release|Any CPU.Build.0 = Release|Any CPU
		{7E5EC46A-7D55-45DA-9E09-0BB7AFCD9081}.Debug|Any CPU.ActiveCfg = Debug|Any CPU
		{7E5EC46A-7D55-45DA-9E09-0BB7AFCD9081}.Debug|Any CPU.Build.0 = Debug|Any CPU
		{7E5EC46A-7D55-45DA-9E09-0BB7AFCD9081}.Release|Any CPU.ActiveCfg = Release|Any CPU
		{7E5EC46A-7D55-45DA-9E09-0BB7AFCD9081}.Release|Any CPU.Build.0 = Release|Any CPU
		{BF75EC65-F70C-4876-99DE-6A8C701804B0}.Debug|Any CPU.ActiveCfg = Debug|Any CPU
		{BF75EC65-F70C-4876-99DE-6A8C701804B0}.Debug|Any CPU.Build.0 = Debug|Any CPU
		{BF75EC65-F70C-4876-99DE-6A8C701804B0}.Release|Any CPU.ActiveCfg = Release|Any CPU
		{BF75EC65-F70C-4876-99DE-6A8C701804B0}.Release|Any CPU.Build.0 = Release|Any CPU
		{EDFF18B0-F07E-48BD-92B1-4ED2131AD52A}.Debug|Any CPU.ActiveCfg = Debug|Any CPU
		{EDFF18B0-F07E-48BD-92B1-4ED2131AD52A}.Debug|Any CPU.Build.0 = Debug|Any CPU
		{EDFF18B0-F07E-48BD-92B1-4ED2131AD52A}.Release|Any CPU.ActiveCfg = Release|Any CPU
		{EDFF18B0-F07E-48BD-92B1-4ED2131AD52A}.Release|Any CPU.Build.0 = Release|Any CPU
		{AE14503A-E8B9-4E91-9AFD-2B01AD7A69D4}.Debug|Any CPU.ActiveCfg = Debug|Any CPU
		{AE14503A-E8B9-4E91-9AFD-2B01AD7A69D4}.Debug|Any CPU.Build.0 = Debug|Any CPU
		{AE14503A-E8B9-4E91-9AFD-2B01AD7A69D4}.Release|Any CPU.ActiveCfg = Release|Any CPU
		{AE14503A-E8B9-4E91-9AFD-2B01AD7A69D4}.Release|Any CPU.Build.0 = Release|Any CPU
		{2E65B0E3-9269-4D74-8046-E31469811C7E}.Debug|Any CPU.ActiveCfg = Debug|Any CPU
		{2E65B0E3-9269-4D74-8046-E31469811C7E}.Debug|Any CPU.Build.0 = Debug|Any CPU
		{2E65B0E3-9269-4D74-8046-E31469811C7E}.Release|Any CPU.ActiveCfg = Release|Any CPU
		{2E65B0E3-9269-4D74-8046-E31469811C7E}.Release|Any CPU.Build.0 = Release|Any CPU
		{0E8833AB-CDA3-4B89-BF9B-3DB1FBB21F4C}.Debug|Any CPU.ActiveCfg = Debug|Any CPU
		{0E8833AB-CDA3-4B89-BF9B-3DB1FBB21F4C}.Debug|Any CPU.Build.0 = Debug|Any CPU
		{0E8833AB-CDA3-4B89-BF9B-3DB1FBB21F4C}.Release|Any CPU.ActiveCfg = Release|Any CPU
		{0E8833AB-CDA3-4B89-BF9B-3DB1FBB21F4C}.Release|Any CPU.Build.0 = Release|Any CPU
		{F9677B71-0622-4751-B508-4A51DA8D9C9B}.Debug|Any CPU.ActiveCfg = Debug|Any CPU
		{F9677B71-0622-4751-B508-4A51DA8D9C9B}.Debug|Any CPU.Build.0 = Debug|Any CPU
		{F9677B71-0622-4751-B508-4A51DA8D9C9B}.Release|Any CPU.ActiveCfg = Release|Any CPU
		{F9677B71-0622-4751-B508-4A51DA8D9C9B}.Release|Any CPU.Build.0 = Release|Any CPU
		{B24FEED4-B46F-421B-B93E-363B1843C8F8}.Debug|Any CPU.ActiveCfg = Debug|Any CPU
		{B24FEED4-B46F-421B-B93E-363B1843C8F8}.Debug|Any CPU.Build.0 = Debug|Any CPU
		{B24FEED4-B46F-421B-B93E-363B1843C8F8}.Release|Any CPU.ActiveCfg = Release|Any CPU
		{B24FEED4-B46F-421B-B93E-363B1843C8F8}.Release|Any CPU.Build.0 = Release|Any CPU
		{286703E8-5D7D-400F-966A-847C5CB93337}.Debug|Any CPU.ActiveCfg = Debug|Any CPU
		{286703E8-5D7D-400F-966A-847C5CB93337}.Debug|Any CPU.Build.0 = Debug|Any CPU
		{286703E8-5D7D-400F-966A-847C5CB93337}.Release|Any CPU.ActiveCfg = Release|Any CPU
		{286703E8-5D7D-400F-966A-847C5CB93337}.Release|Any CPU.Build.0 = Release|Any CPU
		{2DD613F7-2E56-4DC4-A538-D031682CDCF5}.Debug|Any CPU.ActiveCfg = Debug|Any CPU
		{2DD613F7-2E56-4DC4-A538-D031682CDCF5}.Debug|Any CPU.Build.0 = Debug|Any CPU
		{2DD613F7-2E56-4DC4-A538-D031682CDCF5}.Release|Any CPU.ActiveCfg = Release|Any CPU
		{2DD613F7-2E56-4DC4-A538-D031682CDCF5}.Release|Any CPU.Build.0 = Release|Any CPU
		{DB097156-4FBA-4223-8913-B9527CC587A5}.Debug|Any CPU.ActiveCfg = Debug|Any CPU
		{DB097156-4FBA-4223-8913-B9527CC587A5}.Debug|Any CPU.Build.0 = Debug|Any CPU
		{DB097156-4FBA-4223-8913-B9527CC587A5}.Release|Any CPU.ActiveCfg = Release|Any CPU
		{DB097156-4FBA-4223-8913-B9527CC587A5}.Release|Any CPU.Build.0 = Release|Any CPU
		{FF4D263C-78FA-43BC-B05B-1342B3D3CA69}.Debug|Any CPU.ActiveCfg = Debug|Any CPU
		{FF4D263C-78FA-43BC-B05B-1342B3D3CA69}.Debug|Any CPU.Build.0 = Debug|Any CPU
		{FF4D263C-78FA-43BC-B05B-1342B3D3CA69}.Release|Any CPU.ActiveCfg = Release|Any CPU
		{FF4D263C-78FA-43BC-B05B-1342B3D3CA69}.Release|Any CPU.Build.0 = Release|Any CPU
		{0E6F9BB5-C2A2-4B34-A6C2-6076B8550DD2}.Debug|Any CPU.ActiveCfg = Debug|Any CPU
		{0E6F9BB5-C2A2-4B34-A6C2-6076B8550DD2}.Debug|Any CPU.Build.0 = Debug|Any CPU
		{0E6F9BB5-C2A2-4B34-A6C2-6076B8550DD2}.Release|Any CPU.ActiveCfg = Release|Any CPU
		{0E6F9BB5-C2A2-4B34-A6C2-6076B8550DD2}.Release|Any CPU.Build.0 = Release|Any CPU
		{55834028-5B1C-429C-9895-7F612FC2187D}.Debug|Any CPU.ActiveCfg = Debug|Any CPU
		{55834028-5B1C-429C-9895-7F612FC2187D}.Debug|Any CPU.Build.0 = Debug|Any CPU
		{55834028-5B1C-429C-9895-7F612FC2187D}.Release|Any CPU.ActiveCfg = Release|Any CPU
		{55834028-5B1C-429C-9895-7F612FC2187D}.Release|Any CPU.Build.0 = Release|Any CPU
		{0F9900DF-14CC-4388-9E07-EE2D2540016C}.Debug|Any CPU.ActiveCfg = Debug|Any CPU
		{0F9900DF-14CC-4388-9E07-EE2D2540016C}.Debug|Any CPU.Build.0 = Debug|Any CPU
		{0F9900DF-14CC-4388-9E07-EE2D2540016C}.Release|Any CPU.ActiveCfg = Release|Any CPU
		{0F9900DF-14CC-4388-9E07-EE2D2540016C}.Release|Any CPU.Build.0 = Release|Any CPU
		{7CC5DDB6-DB85-4052-9855-F2412A981868}.Debug|Any CPU.ActiveCfg = Debug|Any CPU
		{7CC5DDB6-DB85-4052-9855-F2412A981868}.Debug|Any CPU.Build.0 = Debug|Any CPU
		{7CC5DDB6-DB85-4052-9855-F2412A981868}.Release|Any CPU.ActiveCfg = Release|Any CPU
		{7CC5DDB6-DB85-4052-9855-F2412A981868}.Release|Any CPU.Build.0 = Release|Any CPU
	EndGlobalSection
	GlobalSection(SolutionProperties) = preSolution
		HideSolutionNode = FALSE
	EndGlobalSection
	GlobalSection(ExtensibilityGlobals) = postSolution
		SolutionGuid = {375B8513-8D5F-4018-B355-C936C7F465CE}
	EndGlobalSection
EndGlobal
