
Microsoft Visual Studio Solution File, Format Version 12.00
# Visual Studio Version 17
VisualStudioVersion = 17.4.33213.308
MinimumVisualStudioVersion = 10.0.40219.1
Project("{9A19103F-16F7-4668-BE54-9A1E7A4F7556}") = "Day01", "Day01\Day01.csproj", "{E6DE89F6-7922-4683-9B4C-C504D695B4A8}"
	ProjectSection(ProjectDependencies) = postProject
		{74DFBAC4-4A39-4647-AFCD-80476EB408CC} = {74DFBAC4-4A39-4647-AFCD-80476EB408CC}
	EndProjectSection
EndProject
Project("{9A19103F-16F7-4668-BE54-9A1E7A4F7556}") = "Utilities", "Utilities\Utilities.csproj", "{74DFBAC4-4A39-4647-AFCD-80476EB408CC}"
EndProject
Project("{9A19103F-16F7-4668-BE54-9A1E7A4F7556}") = "Day02", "Day02\Day02.csproj", "{1FED2498-988F-4464-A4F9-F8D25B5D8A4B}"
EndProject
Project("{9A19103F-16F7-4668-BE54-9A1E7A4F7556}") = "Day03", "Day03\Day03.csproj", "{B1097CDD-BAE0-4523-AEDF-C6E439C4BC28}"
EndProject
Project("{9A19103F-16F7-4668-BE54-9A1E7A4F7556}") = "Day04", "Day04\Day04.csproj", "{466311E6-B44E-4CF2-89E7-3AA7C555B592}"
EndProject
Project("{9A19103F-16F7-4668-BE54-9A1E7A4F7556}") = "Day05", "Day05\Day05.csproj", "{EEFDA360-E70A-4A72-8B5D-A8C5C0D9F36D}"
EndProject
Project("{9A19103F-16F7-4668-BE54-9A1E7A4F7556}") = "Day06", "Day06\Day06.csproj", "{EA290EA7-75BF-4429-98F7-BE1F6CA4DC24}"
EndProject
Project("{9A19103F-16F7-4668-BE54-9A1E7A4F7556}") = "Day08", "Day08\Day08.csproj", "{6F27D778-0D9A-4B4C-A260-6C872E26B56E}"
EndProject
Project("{9A19103F-16F7-4668-BE54-9A1E7A4F7556}") = "Day09", "Day09\Day09.csproj", "{7E5EC46A-7D55-45DA-9E09-0BB7AFCD9081}"
EndProject
Project("{9A19103F-16F7-4668-BE54-9A1E7A4F7556}") = "Day07", "Day07\Day07.csproj", "{BF75EC65-F70C-4876-99DE-6A8C701804B0}"
EndProject
Project("{9A19103F-16F7-4668-BE54-9A1E7A4F7556}") = "Day10", "Day10\Day10.csproj", "{EDFF18B0-F07E-48BD-92B1-4ED2131AD52A}"
EndProject
Project("{9A19103F-16F7-4668-BE54-9A1E7A4F7556}") = "Day11", "Day11\Day11.csproj", "{AE14503A-E8B9-4E91-9AFD-2B01AD7A69D4}"
EndProject
Project("{9A19103F-16F7-4668-BE54-9A1E7A4F7556}") = "Day12", "Day12\Day12.csproj", "{2E65B0E3-9269-4D74-8046-E31469811C7E}"
EndProject
Global
	GlobalSection(SolutionConfigurationPlatforms) = preSolution
		Debug|Any CPU = Debug|Any CPU
		Release|Any CPU = Release|Any CPU
	EndGlobalSection
	GlobalSection(ProjectConfigurationPlatforms) = postSolution
		{E6DE89F6-7922-4683-9B4C-C504D695B4A8}.Debug|Any CPU.ActiveCfg = Debug|Any CPU
		{E6DE89F6-7922-4683-9B4C-C504D695B4A8}.Debug|Any CPU.Build.0 = Debug|Any CPU
		{E6DE89F6-7922-4683-9B4C-C504D695B4A8}.Release|Any CPU.ActiveCfg = Release|Any CPU
		{E6DE89F6-7922-4683-9B4C-C504D695B4A8}.Release|Any CPU.Build.0 = Release|Any CPU
		{74DFBAC4-4A39-4647-AFCD-80476EB408CC}.Debug|Any CPU.ActiveCfg = Debug|Any CPU
		{74DFBAC4-4A39-4647-AFCD-80476EB408CC}.Debug|Any CPU.Build.0 = Debug|Any CPU
		{74DFBAC4-4A39-4647-AFCD-80476EB408CC}.Release|Any CPU.ActiveCfg = Release|Any CPU
		{74DFBAC4-4A39-4647-AFCD-80476EB408CC}.Release|Any CPU.Build.0 = Release|Any CPU
		{1FED2498-988F-4464-A4F9-F8D25B5D8A4B}.Debug|Any CPU.ActiveCfg = Debug|Any CPU
		{1FED2498-988F-4464-A4F9-F8D25B5D8A4B}.Debug|Any CPU.Build.0 = Debug|Any CPU
		{1FED2498-988F-4464-A4F9-F8D25B5D8A4B}.Release|Any CPU.ActiveCfg = Release|Any CPU
		{1FED2498-988F-4464-A4F9-F8D25B5D8A4B}.Release|Any CPU.Build.0 = Release|Any CPU
		{B1097CDD-BAE0-4523-AEDF-C6E439C4BC28}.Debug|Any CPU.ActiveCfg = Debug|Any CPU
		{B1097CDD-BAE0-4523-AEDF-C6E439C4BC28}.Debug|Any CPU.Build.0 = Debug|Any CPU
		{B1097CDD-BAE0-4523-AEDF-C6E439C4BC28}.Release|Any CPU.ActiveCfg = Release|Any CPU
		{B1097CDD-BAE0-4523-AEDF-C6E439C4BC28}.Release|Any CPU.Build.0 = Release|Any CPU
		{466311E6-B44E-4CF2-89E7-3AA7C555B592}.Debug|Any CPU.ActiveCfg = Debug|Any CPU
		{466311E6-B44E-4CF2-89E7-3AA7C555B592}.Debug|Any CPU.Build.0 = Debug|Any CPU
		{466311E6-B44E-4CF2-89E7-3AA7C555B592}.Release|Any CPU.ActiveCfg = Release|Any CPU
		{466311E6-B44E-4CF2-89E7-3AA7C555B592}.Release|Any CPU.Build.0 = Release|Any CPU
		{EEFDA360-E70A-4A72-8B5D-A8C5C0D9F36D}.Debug|Any CPU.ActiveCfg = Debug|Any CPU
		{EEFDA360-E70A-4A72-8B5D-A8C5C0D9F36D}.Debug|Any CPU.Build.0 = Debug|Any CPU
		{EEFDA360-E70A-4A72-8B5D-A8C5C0D9F36D}.Release|Any CPU.ActiveCfg = Release|Any CPU
		{EEFDA360-E70A-4A72-8B5D-A8C5C0D9F36D}.Release|Any CPU.Build.0 = Release|Any CPU
		{EA290EA7-75BF-4429-98F7-BE1F6CA4DC24}.Debug|Any CPU.ActiveCfg = Debug|Any CPU
		{EA290EA7-75BF-4429-98F7-BE1F6CA4DC24}.Debug|Any CPU.Build.0 = Debug|Any CPU
		{EA290EA7-75BF-4429-98F7-BE1F6CA4DC24}.Release|Any CPU.ActiveCfg = Release|Any CPU
		{EA290EA7-75BF-4429-98F7-BE1F6CA4DC24}.Release|Any CPU.Build.0 = Release|Any CPU
		{6F27D778-0D9A-4B4C-A260-6C872E26B56E}.Debug|Any CPU.ActiveCfg = Debug|Any CPU
		{6F27D778-0D9A-4B4C-A260-6C872E26B56E}.Debug|Any CPU.Build.0 = Debug|Any CPU
		{6F27D778-0D9A-4B4C-A260-6C872E26B56E}.Release|Any CPU.ActiveCfg = Release|Any CPU
		{6F27D778-0D9A-4B4C-A260-6C872E26B56E}.Release|Any CPU.Build.0 = Release|Any CPU
		{7E5EC46A-7D55-45DA-9E09-0BB7AFCD9081}.Debug|Any CPU.ActiveCfg = Debug|Any CPU
		{7E5EC46A-7D55-45DA-9E09-0BB7AFCD9081}.Debug|Any CPU.Build.0 = Debug|Any CPU
		{7E5EC46A-7D55-45DA-9E09-0BB7AFCD9081}.Release|Any CPU.ActiveCfg = Release|Any CPU
		{7E5EC46A-7D55-45DA-9E09-0BB7AFCD9081}.Release|Any CPU.Build.0 = Release|Any CPU
		{BF75EC65-F70C-4876-99DE-6A8C701804B0}.Debug|Any CPU.ActiveCfg = Debug|Any CPU
		{BF75EC65-F70C-4876-99DE-6A8C701804B0}.Debug|Any CPU.Build.0 = Debug|Any CPU
		{BF75EC65-F70C-4876-99DE-6A8C701804B0}.Release|Any CPU.ActiveCfg = Release|Any CPU
		{BF75EC65-F70C-4876-99DE-6A8C701804B0}.Release|Any CPU.Build.0 = Release|Any CPU
		{EDFF18B0-F07E-48BD-92B1-4ED2131AD52A}.Debug|Any CPU.ActiveCfg = Debug|Any CPU
		{EDFF18B0-F07E-48BD-92B1-4ED2131AD52A}.Debug|Any CPU.Build.0 = Debug|Any CPU
		{EDFF18B0-F07E-48BD-92B1-4ED2131AD52A}.Release|Any CPU.ActiveCfg = Release|Any CPU
		{EDFF18B0-F07E-48BD-92B1-4ED2131AD52A}.Release|Any CPU.Build.0 = Release|Any CPU
		{AE14503A-E8B9-4E91-9AFD-2B01AD7A69D4}.Debug|Any CPU.ActiveCfg = Debug|Any CPU
		{AE14503A-E8B9-4E91-9AFD-2B01AD7A69D4}.Debug|Any CPU.Build.0 = Debug|Any CPU
		{AE14503A-E8B9-4E91-9AFD-2B01AD7A69D4}.Release|Any CPU.ActiveCfg = Release|Any CPU
		{AE14503A-E8B9-4E91-9AFD-2B01AD7A69D4}.Release|Any CPU.Build.0 = Release|Any CPU
		{2E65B0E3-9269-4D74-8046-E31469811C7E}.Debug|Any CPU.ActiveCfg = Debug|Any CPU
		{2E65B0E3-9269-4D74-8046-E31469811C7E}.Debug|Any CPU.Build.0 = Debug|Any CPU
		{2E65B0E3-9269-4D74-8046-E31469811C7E}.Release|Any CPU.ActiveCfg = Release|Any CPU
		{2E65B0E3-9269-4D74-8046-E31469811C7E}.Release|Any CPU.Build.0 = Release|Any CPU
	EndGlobalSection
	GlobalSection(SolutionProperties) = preSolution
		HideSolutionNode = FALSE
	EndGlobalSection
	GlobalSection(ExtensibilityGlobals) = postSolution
		SolutionGuid = {375B8513-8D5F-4018-B355-C936C7F465CE}
	EndGlobalSection
EndGlobal
